<Solution>
  <Folder Name="/src/">
    <Project Path="src/Bridgeon.Core/Bridgeon.Core.csproj" />
  </Folder>
  <Folder Name="/tests/">
    <Project Path="tests/Bridgeon.Architecture.Tests/Bridgeon.Architecture.Tests.csproj" />
    <Project Path="tests/Bridgeon.Core.Tests/Bridgeon.Core.Tests.csproj" />
  </Folder>
</Solution>
